
Microsoft Visual Studio Solution File, Format Version 12.00
# Visual Studio Version 16
VisualStudioVersion = 16.0.31911.196
MinimumVisualStudioVersion = 10.0.40219.1
Project("{9A19103F-16F7-4668-BE54-9A1E7A4F7556}") = "Andromeda", "Andromeda\Andromeda.csproj", "{680CEB83-C463-41CC-BD68-16B16E045E3E}"
EndProject
Project("{8BC9CEB8-8B4A-11D0-8D11-00A0C91BC942}") = "Engine", "Engine\Engine.vcxproj", "{B69905BD-D158-42F5-BDED-BB2BA48991FD}"
EndProject
Project("{8BC9CEB8-8B4A-11D0-8D11-00A0C91BC942}") = "EngineTest", "EngineTest\EngineTest.vcxproj", "{2422C69D-5D8C-4FBB-9F4C-D2C2E3190795}"
	ProjectSection(ProjectDependencies) = postProject
		{B69905BD-D158-42F5-BDED-BB2BA48991FD} = {B69905BD-D158-42F5-BDED-BB2BA48991FD}
	EndProjectSection
EndProject
Project("{8BC9CEB8-8B4A-11D0-8D11-00A0C91BC942}") = "EngineDLL", "EngineDLL\EngineDLL.vcxproj", "{A82FA23A-3081-4433-9B7B-44C7E86BE670}"
EndProject
Global
	GlobalSection(SolutionConfigurationPlatforms) = preSolution
		Debug|Any CPU = Debug|Any CPU
		Debug|x64 = Debug|x64
		Debug|x86 = Debug|x86
		Release|Any CPU = Release|Any CPU
		Release|x64 = Release|x64
		Release|x86 = Release|x86
	EndGlobalSection
	GlobalSection(ProjectConfigurationPlatforms) = postSolution
		{680CEB83-C463-41CC-BD68-16B16E045E3E}.Debug|Any CPU.ActiveCfg = Debug|Any CPU
		{680CEB83-C463-41CC-BD68-16B16E045E3E}.Debug|Any CPU.Build.0 = Debug|Any CPU
		{680CEB83-C463-41CC-BD68-16B16E045E3E}.Debug|x64.ActiveCfg = Debug|Any CPU
		{680CEB83-C463-41CC-BD68-16B16E045E3E}.Debug|x86.ActiveCfg = Debug|Any CPU
		{680CEB83-C463-41CC-BD68-16B16E045E3E}.Debug|x86.Build.0 = Debug|Any CPU
		{680CEB83-C463-41CC-BD68-16B16E045E3E}.Release|Any CPU.ActiveCfg = Release|Any CPU
		{680CEB83-C463-41CC-BD68-16B16E045E3E}.Release|Any CPU.Build.0 = Release|Any CPU
		{680CEB83-C463-41CC-BD68-16B16E045E3E}.Release|x64.ActiveCfg = Release|Any CPU
		{680CEB83-C463-41CC-BD68-16B16E045E3E}.Release|x64.Build.0 = Release|Any CPU
		{680CEB83-C463-41CC-BD68-16B16E045E3E}.Release|x86.ActiveCfg = Release|Any CPU
		{680CEB83-C463-41CC-BD68-16B16E045E3E}.Release|x86.Build.0 = Release|Any CPU
		{B69905BD-D158-42F5-BDED-BB2BA48991FD}.Debug|Any CPU.ActiveCfg = Debug|Win32
		{B69905BD-D158-42F5-BDED-BB2BA48991FD}.Debug|x64.ActiveCfg = Debug|x64
		{B69905BD-D158-42F5-BDED-BB2BA48991FD}.Debug|x86.ActiveCfg = Debug|Win32
		{B69905BD-D158-42F5-BDED-BB2BA48991FD}.Debug|x86.Build.0 = Debug|Win32
		{B69905BD-D158-42F5-BDED-BB2BA48991FD}.Release|Any CPU.ActiveCfg = Release|Win32
		{B69905BD-D158-42F5-BDED-BB2BA48991FD}.Release|x64.ActiveCfg = Release|x64
		{B69905BD-D158-42F5-BDED-BB2BA48991FD}.Release|x64.Build.0 = Release|x64
		{B69905BD-D158-42F5-BDED-BB2BA48991FD}.Release|x86.ActiveCfg = Release|Win32
		{B69905BD-D158-42F5-BDED-BB2BA48991FD}.Release|x86.Build.0 = Release|Win32
		{2422C69D-5D8C-4FBB-9F4C-D2C2E3190795}.Debug|Any CPU.ActiveCfg = Debug|Win32
		{2422C69D-5D8C-4FBB-9F4C-D2C2E3190795}.Debug|x64.ActiveCfg = Debug|x64
		{2422C69D-5D8C-4FBB-9F4C-D2C2E3190795}.Debug|x64.Build.0 = Debug|x64
		{2422C69D-5D8C-4FBB-9F4C-D2C2E3190795}.Debug|x86.ActiveCfg = Debug|Win32
		{2422C69D-5D8C-4FBB-9F4C-D2C2E3190795}.Debug|x86.Build.0 = Debug|Win32
		{2422C69D-5D8C-4FBB-9F4C-D2C2E3190795}.Release|Any CPU.ActiveCfg = Release|Win32
		{2422C69D-5D8C-4FBB-9F4C-D2C2E3190795}.Release|x64.ActiveCfg = Release|x64
		{2422C69D-5D8C-4FBB-9F4C-D2C2E3190795}.Release|x64.Build.0 = Release|x64
		{2422C69D-5D8C-4FBB-9F4C-D2C2E3190795}.Release|x86.ActiveCfg = Release|Win32
		{2422C69D-5D8C-4FBB-9F4C-D2C2E3190795}.Release|x86.Build.0 = Release|Win32
		{A82FA23A-3081-4433-9B7B-44C7E86BE670}.Debug|Any CPU.ActiveCfg = Debug|Win32
		{A82FA23A-3081-4433-9B7B-44C7E86BE670}.Debug|x64.ActiveCfg = Debug|x64
		{A82FA23A-3081-4433-9B7B-44C7E86BE670}.Debug|x64.Build.0 = Debug|x64
		{A82FA23A-3081-4433-9B7B-44C7E86BE670}.Debug|x86.ActiveCfg = Debug|Win32
		{A82FA23A-3081-4433-9B7B-44C7E86BE670}.Debug|x86.Build.0 = Debug|Win32
		{A82FA23A-3081-4433-9B7B-44C7E86BE670}.Release|Any CPU.ActiveCfg = Release|Win32
		{A82FA23A-3081-4433-9B7B-44C7E86BE670}.Release|x64.ActiveCfg = Release|x64
		{A82FA23A-3081-4433-9B7B-44C7E86BE670}.Release|x64.Build.0 = Release|x64
		{A82FA23A-3081-4433-9B7B-44C7E86BE670}.Release|x86.ActiveCfg = Release|Win32
		{A82FA23A-3081-4433-9B7B-44C7E86BE670}.Release|x86.Build.0 = Release|Win32
	EndGlobalSection
	GlobalSection(SolutionProperties) = preSolution
		HideSolutionNode = FALSE
	EndGlobalSection
	GlobalSection(ExtensibilityGlobals) = postSolution
		SolutionGuid = {2437F4BD-F14D-4419-8464-71A8226AED41}
	EndGlobalSection
EndGlobal
